{
    "_readme": [
        "This file locks the dependencies of your project to a known state",
        "Read more about it at https://getcomposer.org/doc/01-basic-usage.md#installing-dependencies",
        "This file is @generated automatically"
    ],
    "content-hash": "2b47f8676087e726a43c4b2a17520310",
    "packages": [
        {
            "name": "nategood/httpful",
            "version": "0.2.20",
            "source": {
                "type": "git",
                "url": "https://github.com/nategood/httpful.git",
                "reference": "c1cd4d46a4b281229032cf39d4dd852f9887c0f6"
            },
            "dist": {
                "type": "zip",
                "url": "https://api.github.com/repos/nategood/httpful/zipball/c1cd4d46a4b281229032cf39d4dd852f9887c0f6",
                "reference": "c1cd4d46a4b281229032cf39d4dd852f9887c0f6",
                "shasum": ""
            },
            "require": {
                "ext-curl": "*",
                "php": ">=5.3"
            },
            "require-dev": {
                "phpunit/phpunit": "*"
            },
            "type": "library",
            "autoload": {
                "psr-0": {
                    "Httpful": "src/"
                }
            },
            "notification-url": "https://packagist.org/downloads/",
            "license": [
                "MIT"
            ],
            "authors": [
                {
                    "name": "Nate Good",
                    "email": "me@nategood.com",
                    "homepage": "http://nategood.com"
                }
            ],
            "description": "A Readable, Chainable, REST friendly, PHP HTTP Client",
            "homepage": "http://github.com/nategood/httpful",
            "keywords": [
                "api",
                "curl",
                "http",
                "requests",
                "rest",
                "restful"
            ],
            "time": "2015-10-26T16:11:30+00:00"
        },
        {
            "name": "paubox/paubox-php",
            "version": "1.0.0",
            "source": {
                "type": "git",
                "url": "https://github.com/Paubox/paubox-php.git",
                "reference": "1c4b95bacbafdab93a60c22fc5d50c156a9dad17"
            },
            "dist": {
                "type": "zip",
                "url": "https://api.github.com/repos/Paubox/paubox-php/zipball/1c4b95bacbafdab93a60c22fc5d50c156a9dad17",
                "reference": "1c4b95bacbafdab93a60c22fc5d50c156a9dad17",
                "shasum": ""
            },
            "require": {
                "nategood/httpful": "*"
            },
            "require-dev": {
                "phpunit/phpunit": "^5.7.9"
            },
            "type": "library",
            "autoload": {
                "psr-4": {
                    "Paubox\\": "src/",
                    "Paubox\\Mail\\": "src/mail/",
                    "Paubox\\Service\\": "src/service/"
                }
            },
            "notification-url": "https://packagist.org/downloads/",
            "license": [
                "Apache-2.0"
            ],
            "description": "A PHP package for the Paubox Transactional Email API",
            "homepage": "https://github.com/Paubox/paubox-php",
            "time": "2018-09-27T21:52:58+00:00"
        }
    ],
    "packages-dev": [],
    "aliases": [],
    "minimum-stability": "stable",
    "stability-flags": [],
    "prefer-stable": false,
    "prefer-lowest": false,
    "platform": [],
    "platform-dev": []
}
